
Microsoft Visual Studio Solution File, Format Version 12.00
# Visual Studio Version 16
VisualStudioVersion = 16.0.29709.97
MinimumVisualStudioVersion = 10.0.40219.1
Project("{9A19103F-16F7-4668-BE54-9A1E7A4F7556}") = "CodeMazeEFCore.WebApi", "CodeMazeEFCore.WebApi\CodeMazeEFCore.WebApi.csproj", "{DB54A0C7-0028-46C8-85BF-94AABAB43AAD}"
EndProject
Project("{FAE04EC0-301F-11D3-BF4B-00C04F79EFBC}") = "CodeMazeEFCore.DataAccessLayer", "CodeMazeEFCore.DataAccessLayer\CodeMazeEFCore.DataAccessLayer.csproj", "{7D43F4E0-079D-4246-A804-F9782D6CD2A3}"
EndProject
Global
	GlobalSection(SolutionConfigurationPlatforms) = preSolution
		Debug|Any CPU = Debug|Any CPU
		Release|Any CPU = Release|Any CPU
	EndGlobalSection
	GlobalSection(ProjectConfigurationPlatforms) = postSolution
		{DB54A0C7-0028-46C8-85BF-94AABAB43AAD}.Debug|Any CPU.ActiveCfg = Debug|Any CPU
		{DB54A0C7-0028-46C8-85BF-94AABAB43AAD}.Debug|Any CPU.Build.0 = Debug|Any CPU
		{DB54A0C7-0028-46C8-85BF-94AABAB43AAD}.Release|Any CPU.ActiveCfg = Release|Any CPU
		{DB54A0C7-0028-46C8-85BF-94AABAB43AAD}.Release|Any CPU.Build.0 = Release|Any CPU
		{7D43F4E0-079D-4246-A804-F9782D6CD2A3}.Debug|Any CPU.ActiveCfg = Debug|Any CPU
		{7D43F4E0-079D-4246-A804-F9782D6CD2A3}.Debug|Any CPU.Build.0 = Debug|Any CPU
		{7D43F4E0-079D-4246-A804-F9782D6CD2A3}.Release|Any CPU.ActiveCfg = Release|Any CPU
		{7D43F4E0-079D-4246-A804-F9782D6CD2A3}.Release|Any CPU.Build.0 = Release|Any CPU
	EndGlobalSection
	GlobalSection(SolutionProperties) = preSolution
		HideSolutionNode = FALSE
	EndGlobalSection
	GlobalSection(ExtensibilityGlobals) = postSolution
		SolutionGuid = {D7DA5876-DBBF-4494-880F-651434561A7F}
	EndGlobalSection
EndGlobal
